// !$*UTF8*$!
{
	archiveVersion = 1;
	classes = {
	};
	objectVersion = 46;
	objects = {

/* Begin PBXBuildFile section */
		6B173C7027E0BE867B7D070A /* libPods-B_Category.a in Frameworks */ = {isa = PBXBuildFile; fileRef = B4AD51B45C3BDBBA39263550 /* libPods-B_Category.a */; };
		F98BC49D1F73ACCB00CDCC7B /* main.m in Sources */ = {isa = PBXBuildFile; fileRef = F98BC49C1F73ACCB00CDCC7B /* main.m */; };
		F98BC4A01F73ACCB00CDCC7B /* AppDelegate.m in Sources */ = {isa = PBXBuildFile; fileRef = F98BC49F1F73ACCB00CDCC7B /* AppDelegate.m */; };
		F98BC4A31F73ACCB00CDCC7B /* ViewController.m in Sources */ = {isa = PBXBuildFile; fileRef = F98BC4A21F73ACCB00CDCC7B /* ViewController.m */; };
		F98BC4A61F73ACCB00CDCC7B /* Main.storyboard in Resources */ = {isa = PBXBuildFile; fileRef = F98BC4A41F73ACCB00CDCC7B /* Main.storyboard */; };
		F98BC4A81F73ACCB00CDCC7B /* Assets.xcassets in Resources */ = {isa = PBXBuildFile; fileRef = F98BC4A71F73ACCB00CDCC7B /* Assets.xcassets */; };
		F98BC4AB1F73ACCB00CDCC7B /* LaunchScreen.storyboard in Resources */ = {isa = PBXBuildFile; fileRef = F98BC4A91F73ACCB00CDCC7B /* LaunchScreen.storyboard */; };
		F98BC4B51F73AD8300CDCC7B /* CTMediator+B.m in Sources */ = {isa = PBXBuildFile; fileRef = F98BC4B41F73AD8300CDCC7B /* CTMediator+B.m */; };
/* End PBXBuildFile section */

/* Begin PBXFileReference section */
		38A6BC6B07C594E30745CC7D /* Pods-B_Category.debug.xcconfig */ = {isa = PBXFileReference; includeInIndex = 1; lastKnownFileType = text.xcconfig; name = "Pods-B_Category.debug.xcconfig"; path = "Pods/Target Support Files/Pods-B_Category/Pods-B_Category.debug.xcconfig"; sourceTree = "<group>"; };
		B4AD51B45C3BDBBA39263550 /* libPods-B_Category.a */ = {isa = PBXFileReference; explicitFileType = archive.ar; includeInIndex = 0; path = "libPods-B_Category.a"; sourceTree = BUILT_PRODUCTS_DIR; };
		B991B83C2579D48E09BD9032 /* Pods-B_Category.release.xcconfig */ = {isa = PBXFileReference; includeInIndex = 1; lastKnownFileType = text.xcconfig; name = "Pods-B_Category.release.xcconfig"; path = "Pods/Target Support Files/Pods-B_Category/Pods-B_Category.release.xcconfig"; sourceTree = "<group>"; };
		F98BC4981F73ACCB00CDCC7B /* B_Category.app */ = {isa = PBXFileReference; explicitFileType = wrapper.application; includeInIndex = 0; path = B_Category.app; sourceTree = BUILT_PRODUCTS_DIR; };
		F98BC49C1F73ACCB00CDCC7B /* main.m */ = {isa = PBXFileReference; lastKnownFileType = sourcecode.c.objc; path = main.m; sourceTree = "<group>"; };
		F98BC49E1F73ACCB00CDCC7B /* AppDelegate.h */ = {isa = PBXFileReference; lastKnownFileType = sourcecode.c.h; path = AppDelegate.h; sourceTree = "<group>"; };
		F98BC49F1F73ACCB00CDCC7B /* AppDelegate.m */ = {isa = PBXFileReference; lastKnownFileType = sourcecode.c.objc; path = AppDelegate.m; sourceTree = "<group>"; };
		F98BC4A11F73ACCB00CDCC7B /* ViewController.h */ = {isa = PBXFileReference; lastKnownFileType = sourcecode.c.h; path = ViewController.h; sourceTree = "<group>"; };
		F98BC4A21F73ACCB00CDCC7B /* ViewController.m */ = {isa = PBXFileReference; lastKnownFileType = sourcecode.c.objc; path = ViewController.m; sourceTree = "<group>"; };
		F98BC4A51F73ACCB00CDCC7B /* Base */ = {isa = PBXFileReference; lastKnownFileType = file.storyboard; name = Base; path = Base.lproj/Main.storyboard; sourceTree = "<group>"; };
		F98BC4A71F73ACCB00CDCC7B /* Assets.xcassets */ = {isa = PBXFileReference; lastKnownFileType = folder.assetcatalog; path = Assets.xcassets; sourceTree = "<group>"; };
		F98BC4AA1F73ACCB00CDCC7B /* Base */ = {isa = PBXFileReference; lastKnownFileType = file.storyboard; name = Base; path = Base.lproj/LaunchScreen.storyboard; sourceTree = "<group>"; };
		F98BC4AC1F73ACCB00CDCC7B /* Info.plist */ = {isa = PBXFileReference; lastKnownFileType = text.plist.xml; path = Info.plist; sourceTree = "<group>"; };
		F98BC4B31F73AD8300CDCC7B /* CTMediator+B.h */ = {isa = PBXFileReference; fileEncoding = 4; lastKnownFileType = sourcecode.c.h; path = "CTMediator+B.h"; sourceTree = "<group>"; };
		F98BC4B41F73AD8300CDCC7B /* CTMediator+B.m */ = {isa = PBXFileReference; fileEncoding = 4; lastKnownFileType = sourcecode.c.objc; path = "CTMediator+B.m"; sourceTree = "<group>"; };
/* End PBXFileReference section */

/* Begin PBXFrameworksBuildPhase section */
		F98BC4951F73ACCB00CDCC7B /* Frameworks */ = {
			isa = PBXFrameworksBuildPhase;
			buildActionMask = 2147483647;
			files = (
				6B173C7027E0BE867B7D070A /* libPods-B_Category.a in Frameworks */,
			);
			runOnlyForDeploymentPostprocessing = 0;
		};
/* End PBXFrameworksBuildPhase section */

/* Begin PBXGroup section */
		34FB6A44F13147F759CC05E8 /* Frameworks */ = {
			isa = PBXGroup;
			children = (
				B4AD51B45C3BDBBA39263550 /* libPods-B_Category.a */,
			);
			name = Frameworks;
			sourceTree = "<group>";
		};
		99BCC441C30541A81006F097 /* Pods */ = {
			isa = PBXGroup;
			children = (
				38A6BC6B07C594E30745CC7D /* Pods-B_Category.debug.xcconfig */,
				B991B83C2579D48E09BD9032 /* Pods-B_Category.release.xcconfig */,
			);
			name = Pods;
			sourceTree = "<group>";
		};
		F98BC48F1F73ACCB00CDCC7B = {
			isa = PBXGroup;
			children = (
				F98BC49A1F73ACCB00CDCC7B /* B_Category */,
				F98BC4991F73ACCB00CDCC7B /* Products */,
				99BCC441C30541A81006F097 /* Pods */,
				34FB6A44F13147F759CC05E8 /* Frameworks */,
			);
			sourceTree = "<group>";
		};
		F98BC4991F73ACCB00CDCC7B /* Products */ = {
			isa = PBXGroup;
			children = (
				F98BC4981F73ACCB00CDCC7B /* B_Category.app */,
			);
			name = Products;
			sourceTree = "<group>";
		};
		F98BC49A1F73ACCB00CDCC7B /* B_Category */ = {
			isa = PBXGroup;
			children = (
				F98BC4B21F73AD6C00CDCC7B /* B_Category */,
				F98BC49E1F73ACCB00CDCC7B /* AppDelegate.h */,
				F98BC49F1F73ACCB00CDCC7B /* AppDelegate.m */,
				F98BC4A11F73ACCB00CDCC7B /* ViewController.h */,
				F98BC4A21F73ACCB00CDCC7B /* ViewController.m */,
				F98BC4A41F73ACCB00CDCC7B /* Main.storyboard */,
				F98BC4A71F73ACCB00CDCC7B /* Assets.xcassets */,
				F98BC4A91F73ACCB00CDCC7B /* LaunchScreen.storyboard */,
				F98BC4AC1F73ACCB00CDCC7B /* Info.plist */,
				F98BC49B1F73ACCB00CDCC7B /* Supporting Files */,
			);
			path = B_Category;
			sourceTree = "<group>";
		};
		F98BC49B1F73ACCB00CDCC7B /* Supporting Files */ = {
			isa = PBXGroup;
			children = (
				F98BC49C1F73ACCB00CDCC7B /* main.m */,
			);
			name = "Supporting Files";
			sourceTree = "<group>";
		};
		F98BC4B21F73AD6C00CDCC7B /* B_Category */ = {
			isa = PBXGroup;
			children = (
				F98BC4B31F73AD8300CDCC7B /* CTMediator+B.h */,
				F98BC4B41F73AD8300CDCC7B /* CTMediator+B.m */,
			);
			path = B_Category;
			sourceTree = "<group>";
		};
/* End PBXGroup section */

/* Begin PBXNativeTarget section */
		F98BC4971F73ACCB00CDCC7B /* B_Category */ = {
			isa = PBXNativeTarget;
			buildConfigurationList = F98BC4AF1F73ACCB00CDCC7B /* Build configuration list for PBXNativeTarget "B_Category" */;
			buildPhases = (
				4A0FDA5A01B5890876FFA8A3 /* [CP] Check Pods Manifest.lock */,
				F98BC4941F73ACCB00CDCC7B /* Sources */,
				F98BC4951F73ACCB00CDCC7B /* Frameworks */,
				F98BC4961F73ACCB00CDCC7B /* Resources */,
				4361E56294C420D486A980A1 /* [CP] Embed Pods Frameworks */,
				8EDDE62BDF3A6E67455449ED /* [CP] Copy Pods Resources */,
			);
			buildRules = (
			);
			dependencies = (
			);
			name = B_Category;
			productName = B_Category;
			productReference = F98BC4981F73ACCB00CDCC7B /* B_Category.app */;
			productType = "com.apple.product-type.application";
		};
/* End PBXNativeTarget section */

/* Begin PBXProject section */
		F98BC4901F73ACCB00CDCC7B /* Project object */ = {
			isa = PBXProject;
			attributes = {
				LastUpgradeCheck = 0830;
				ORGANIZATIONNAME = luling;
				TargetAttributes = {
					F98BC4971F73ACCB00CDCC7B = {
						CreatedOnToolsVersion = 8.3.2;
						DevelopmentTeam = NU2HX98PUA;
						ProvisioningStyle = Automatic;
					};
				};
			};
			buildConfigurationList = F98BC4931F73ACCB00CDCC7B /* Build configuration list for PBXProject "B_Category" */;
			compatibilityVersion = "Xcode 3.2";
			developmentRegion = English;
			hasScannedForEncodings = 0;
			knownRegions = (
				en,
				Base,
			);
			mainGroup = F98BC48F1F73ACCB00CDCC7B;
			productRefGroup = F98BC4991F73ACCB00CDCC7B /* Products */;
			projectDirPath = "";
			projectRoot = "";
			targets = (
				F98BC4971F73ACCB00CDCC7B /* B_Category */,
			);
		};
/* End PBXProject section */

/* Begin PBXResourcesBuildPhase section */
		F98BC4961F73ACCB00CDCC7B /* Resources */ = {
			isa = PBXResourcesBuildPhase;
			buildActionMask = 2147483647;
			files = (
				F98BC4AB1F73ACCB00CDCC7B /* LaunchScreen.storyboard in Resources */,
				F98BC4A81F73ACCB00CDCC7B /* Assets.xcassets in Resources */,
				F98BC4A61F73ACCB00CDCC7B /* Main.storyboard in Resources */,
			);
			runOnlyForDeploymentPostprocessing = 0;
		};
/* End PBXResourcesBuildPhase section */

/* Begin PBXShellScriptBuildPhase section */
		4361E56294C420D486A980A1 /* [CP] Embed Pods Frameworks */ = {
			isa = PBXShellScriptBuildPhase;
			buildActionMask = 2147483647;
			files = (
			);
			inputPaths = (
			);
			name = "[CP] Embed Pods Frameworks";
			outputPaths = (
			);
			runOnlyForDeploymentPostprocessing = 0;
			shellPath = /bin/sh;
			shellScript = "\"${SRCROOT}/Pods/Target Support Files/Pods-B_Category/Pods-B_Category-frameworks.sh\"\n";
			showEnvVarsInLog = 0;
		};
		4A0FDA5A01B5890876FFA8A3 /* [CP] Check Pods Manifest.lock */ = {
			isa = PBXShellScriptBuildPhase;
			buildActionMask = 2147483647;
			files = (
			);
			inputPaths = (
				"${PODS_PODFILE_DIR_PATH}/Podfile.lock",
				"${PODS_ROOT}/Manifest.lock",
			);
			name = "[CP] Check Pods Manifest.lock";
			outputPaths = (
				"$(DERIVED_FILE_DIR)/Pods-B_Category-checkManifestLockResult.txt",
			);
			runOnlyForDeploymentPostprocessing = 0;
			shellPath = /bin/sh;
			shellScript = "diff \"${PODS_PODFILE_DIR_PATH}/Podfile.lock\" \"${PODS_ROOT}/Manifest.lock\" > /dev/null\nif [ $? != 0 ] ; then\n    # print error to STDERR\n    echo \"error: The sandbox is not in sync with the Podfile.lock. Run 'pod install' or update your CocoaPods installation.\" >&2\n    exit 1\nfi\n# This output is used by Xcode 'outputs' to avoid re-running this script phase.\necho \"SUCCESS\" > \"${SCRIPT_OUTPUT_FILE_0}\"\n";
			showEnvVarsInLog = 0;
		};
		8EDDE62BDF3A6E67455449ED /* [CP] Copy Pods Resources */ = {
			isa = PBXShellScriptBuildPhase;
			buildActionMask = 2147483647;
			files = (
			);
			inputPaths = (
			);
			name = "[CP] Copy Pods Resources";
			outputPaths = (
			);
			runOnlyForDeploymentPostprocessing = 0;
			shellPath = /bin/sh;
			shellScript = "\"${SRCROOT}/Pods/Target Support Files/Pods-B_Category/Pods-B_Category-resources.sh\"\n";
			showEnvVarsInLog = 0;
		};
/* End PBXShellScriptBuildPhase section */

/* Begin PBXSourcesBuildPhase section */
		F98BC4941F73ACCB00CDCC7B /* Sources */ = {
			isa = PBXSourcesBuildPhase;
			buildActionMask = 2147483647;
			files = (
				F98BC4A31F73ACCB00CDCC7B /* ViewController.m in Sources */,
				F98BC4A01F73ACCB00CDCC7B /* AppDelegate.m in Sources */,
				F98BC4B51F73AD8300CDCC7B /* CTMediator+B.m in Sources */,
				F98BC49D1F73ACCB00CDCC7B /* main.m in Sources */,
			);
			runOnlyForDeploymentPostprocessing = 0;
		};
/* End PBXSourcesBuildPhase section */

/* Begin PBXVariantGroup section */
		F98BC4A41F73ACCB00CDCC7B /* Main.storyboard */ = {
			isa = PBXVariantGroup;
			children = (
				F98BC4A51F73ACCB00CDCC7B /* Base */,
			);
			name = Main.storyboard;
			sourceTree = "<group>";
		};
		F98BC4A91F73ACCB00CDCC7B /* LaunchScreen.storyboard */ = {
			isa = PBXVariantGroup;
			children = (
				F98BC4AA1F73ACCB00CDCC7B /* Base */,
			);
			name = LaunchScreen.storyboard;
			sourceTree = "<group>";
		};
/* End PBXVariantGroup section */

/* Begin XCBuildConfiguration section */
		F98BC4AD1F73ACCB00CDCC7B /* Debug */ = {
			isa = XCBuildConfiguration;
			buildSettings = {
				ALWAYS_SEARCH_USER_PATHS = NO;
				CLANG_ANALYZER_NONNULL = YES;
				CLANG_ANALYZER_NUMBER_OBJECT_CONVERSION = YES_AGGRESSIVE;
				CLANG_CXX_LANGUAGE_STANDARD = "gnu++0x";
				CLANG_CXX_LIBRARY = "libc++";
				CLANG_ENABLE_MODULES = YES;
				CLANG_ENABLE_OBJC_ARC = YES;
				CLANG_WARN_BOOL_CONVERSION = YES;
				CLANG_WARN_CONSTANT_CONVERSION = YES;
				CLANG_WARN_DIRECT_OBJC_ISA_USAGE = YES_ERROR;
				CLANG_WARN_DOCUMENTATION_COMMENTS = YES;
				CLANG_WARN_EMPTY_BODY = YES;
				CLANG_WARN_ENUM_CONVERSION = YES;
				CLANG_WARN_INFINITE_RECURSION = YES;
				CLANG_WARN_INT_CONVERSION = YES;
				CLANG_WARN_OBJC_ROOT_CLASS = YES_ERROR;
				CLANG_WARN_SUSPICIOUS_MOVE = YES;
				CLANG_WARN_UNREACHABLE_CODE = YES;
				CLANG_WARN__DUPLICATE_METHOD_MATCH = YES;
				"CODE_SIGN_IDENTITY[sdk=iphoneos*]" = "iPhone Developer";
				COPY_PHASE_STRIP = NO;
				DEBUG_INFORMATION_FORMAT = dwarf;
				ENABLE_STRICT_OBJC_MSGSEND = YES;
				ENABLE_TESTABILITY = YES;
				GCC_C_LANGUAGE_STANDARD = gnu99;
				GCC_DYNAMIC_NO_PIC = NO;
				GCC_NO_COMMON_BLOCKS = YES;
				GCC_OPTIMIZATION_LEVEL = 0;
				GCC_PREPROCESSOR_DEFINITIONS = (
					"DEBUG=1",
					"$(inherited)",
				);
				GCC_WARN_64_TO_32_BIT_CONVERSION = YES;
				GCC_WARN_ABOUT_RETURN_TYPE = YES_ERROR;
				GCC_WARN_UNDECLARED_SELECTOR = YES;
				GCC_WARN_UNINITIALIZED_AUTOS = YES_AGGRESSIVE;
				GCC_WARN_UNUSED_FUNCTION = YES;
				GCC_WARN_UNUSED_VARIABLE = YES;
				IPHONEOS_DEPLOYMENT_TARGET = 10.3;
				MTL_ENABLE_DEBUG_INFO = YES;
				ONLY_ACTIVE_ARCH = YES;
				SDKROOT = iphoneos;
			};
			name = Debug;
		};
		F98BC4AE1F73ACCB00CDCC7B /* Release */ = {
			isa = XCBuildConfiguration;
			buildSettings = {
				ALWAYS_SEARCH_USER_PATHS = NO;
				CLANG_ANALYZER_NONNULL = YES;
				CLANG_ANALYZER_NUMBER_OBJECT_CONVERSION = YES_AGGRESSIVE;
				CLANG_CXX_LANGUAGE_STANDARD = "gnu++0x";
				CLANG_CXX_LIBRARY = "libc++";
				CLANG_ENABLE_MODULES = YES;
				CLANG_ENABLE_OBJC_ARC = YES;
				CLANG_WARN_BOOL_CONVERSION = YES;
				CLANG_WARN_CONSTANT_CONVERSION = YES;
				CLANG_WARN_DIRECT_OBJC_ISA_USAGE = YES_ERROR;
				CLANG_WARN_DOCUMENTATION_COMMENTS = YES;
				CLANG_WARN_EMPTY_BODY = YES;
				CLANG_WARN_ENUM_CONVERSION = YES;
				CLANG_WARN_INFINITE_RECURSION = YES;
				CLANG_WARN_INT_CONVERSION = YES;
				CLANG_WARN_OBJC_ROOT_CLASS = YES_ERROR;
				CLANG_WARN_SUSPICIOUS_MOVE = YES;
				CLANG_WARN_UNREACHABLE_CODE = YES;
				CLANG_WARN__DUPLICATE_METHOD_MATCH = YES;
				"CODE_SIGN_IDENTITY[sdk=iphoneos*]" = "iPhone Developer";
				COPY_PHASE_STRIP = NO;
				DEBUG_INFORMATION_FORMAT = "dwarf-with-dsym";
				ENABLE_NS_ASSERTIONS = NO;
				ENABLE_STRICT_OBJC_MSGSEND = YES;
				GCC_C_LANGUAGE_STANDARD = gnu99;
				GCC_NO_COMMON_BLOCKS = YES;
				GCC_WARN_64_TO_32_BIT_CONVERSION = YES;
				GCC_WARN_ABOUT_RETURN_TYPE = YES_ERROR;
				GCC_WARN_UNDECLARED_SELECTOR = YES;
				GCC_WARN_UNINITIALIZED_AUTOS = YES_AGGRESSIVE;
				GCC_WARN_UNUSED_FUNCTION = YES;
				GCC_WARN_UNUSED_VARIABLE = YES;
				IPHONEOS_DEPLOYMENT_TARGET = 10.3;
				MTL_ENABLE_DEBUG_INFO = NO;
				SDKROOT = iphoneos;
				VALIDATE_PRODUCT = YES;
			};
			name = Release;
		};
		F98BC4B01F73ACCB00CDCC7B /* Debug */ = {
			isa = XCBuildConfiguration;
			baseConfigurationReference = 38A6BC6B07C594E30745CC7D /* Pods-B_Category.debug.xcconfig */;
			buildSettings = {
				ASSETCATALOG_COMPILER_APPICON_NAME = AppIcon;
				DEVELOPMENT_TEAM = NU2HX98PUA;
				INFOPLIST_FILE = B_Category/Info.plist;
				LD_RUNPATH_SEARCH_PATHS = "$(inherited) @executable_path/Frameworks";
				PRODUCT_BUNDLE_IDENTIFIER = "com.luling.B-Category";
				PRODUCT_NAME = "$(TARGET_NAME)";
			};
			name = Debug;
		};
		F98BC4B11F73ACCB00CDCC7B /* Release */ = {
			isa = XCBuildConfiguration;
			baseConfigurationReference = B991B83C2579D48E09BD9032 /* Pods-B_Category.release.xcconfig */;
			buildSettings = {
				ASSETCATALOG_COMPILER_APPICON_NAME = AppIcon;
				DEVELOPMENT_TEAM = NU2HX98PUA;
				INFOPLIST_FILE = B_Category/Info.plist;
				LD_RUNPATH_SEARCH_PATHS = "$(inherited) @executable_path/Frameworks";
				PRODUCT_BUNDLE_IDENTIFIER = "com.luling.B-Category";
				PRODUCT_NAME = "$(TARGET_NAME)";
			};
			name = Release;
		};
/* End XCBuildConfiguration section */

/* Begin XCConfigurationList section */
		F98BC4931F73ACCB00CDCC7B /* Build configuration list for PBXProject "B_Category" */ = {
			isa = XCConfigurationList;
			buildConfigurations = (
				F98BC4AD1F73ACCB00CDCC7B /* Debug */,
				F98BC4AE1F73ACCB00CDCC7B /* Release */,
			);
			defaultConfigurationIsVisible = 0;
			defaultConfigurationName = Release;
		};
		F98BC4AF1F73ACCB00CDCC7B /* Build configuration list for PBXNativeTarget "B_Category" */ = {
			isa = XCConfigurationList;
			buildConfigurations = (
				F98BC4B01F73ACCB00CDCC7B /* Debug */,
				F98BC4B11F73ACCB00CDCC7B /* Release */,
			);
			defaultConfigurationIsVisible = 0;
			defaultConfigurationName = Release;
		};
/* End XCConfigurationList section */
	};
	rootObject = F98BC4901F73ACCB00CDCC7B /* Project object */;
}
